// !$*UTF8*$!
{
	archiveVersion = 1;
	classes = {
	};
	objectVersion = 56;
	objects = {

/* Begin PBXBuildFile section */
		B442B2CA2972872C0084CE23 /* GitHubDemoApp.swift in Sources */ = {isa = PBXBuildFile; fileRef = B442B2C92972872C0084CE23 /* GitHubDemoApp.swift */; };
		B442B2CC2972872C0084CE23 /* ContentView.swift in Sources */ = {isa = PBXBuildFile; fileRef = B442B2CB2972872C0084CE23 /* ContentView.swift */; };
		B442B2CE2972872D0084CE23 /* Assets.xcassets in Resources */ = {isa = PBXBuildFile; fileRef = B442B2CD2972872D0084CE23 /* Assets.xcassets */; };
		B442B2D12972872D0084CE23 /* Preview Assets.xcassets in Resources */ = {isa = PBXBuildFile; fileRef = B442B2D02972872D0084CE23 /* Preview Assets.xcassets */; };
		B442B2DB2972872D0084CE23 /* GitHubDemoTests.swift in Sources */ = {isa = PBXBuildFile; fileRef = B442B2DA2972872D0084CE23 /* GitHubDemoTests.swift */; };
		B442B2E52972872D0084CE23 /* GitHubDemoUITests.swift in Sources */ = {isa = PBXBuildFile; fileRef = B442B2E42972872D0084CE23 /* GitHubDemoUITests.swift */; };
		B442B2E72972872D0084CE23 /* GitHubDemoUITestsLaunchTests.swift in Sources */ = {isa = PBXBuildFile; fileRef = B442B2E62972872D0084CE23 /* GitHubDemoUITestsLaunchTests.swift */; };
/* End PBXBuildFile section */

/* Begin PBXContainerItemProxy section */
		B442B2D72972872D0084CE23 /* PBXContainerItemProxy */ = {
			isa = PBXContainerItemProxy;
			containerPortal = B442B2BE2972872C0084CE23 /* Project object */;
			proxyType = 1;
			remoteGlobalIDString = B442B2C52972872C0084CE23;
			remoteInfo = GitHubDemo;
		};
		B442B2E12972872D0084CE23 /* PBXContainerItemProxy */ = {
			isa = PBXContainerItemProxy;
			containerPortal = B442B2BE2972872C0084CE23 /* Project object */;
			proxyType = 1;
			remoteGlobalIDString = B442B2C52972872C0084CE23;
			remoteInfo = GitHubDemo;
		};
/* End PBXContainerItemProxy section */

/* Begin PBXFileReference section */
		B442B2C62972872C0084CE23 /* GitHubDemo.app */ = {isa = PBXFileReference; explicitFileType = wrapper.application; includeInIndex = 0; path = GitHubDemo.app; sourceTree = BUILT_PRODUCTS_DIR; };
		B442B2C92972872C0084CE23 /* GitHubDemoApp.swift */ = {isa = PBXFileReference; lastKnownFileType = sourcecode.swift; path = GitHubDemoApp.swift; sourceTree = "<group>"; };
		B442B2CB2972872C0084CE23 /* ContentView.swift */ = {isa = PBXFileReference; lastKnownFileType = sourcecode.swift; path = ContentView.swift; sourceTree = "<group>"; };
		B442B2CD2972872D0084CE23 /* Assets.xcassets */ = {isa = PBXFileReference; lastKnownFileType = folder.assetcatalog; path = Assets.xcassets; sourceTree = "<group>"; };
		B442B2D02972872D0084CE23 /* Preview Assets.xcassets */ = {isa = PBXFileReference; lastKnownFileType = folder.assetcatalog; path = "Preview Assets.xcassets"; sourceTree = "<group>"; };
		B442B2D62972872D0084CE23 /* GitHubDemoTests.xctest */ = {isa = PBXFileReference; explicitFileType = wrapper.cfbundle; includeInIndex = 0; path = GitHubDemoTests.xctest; sourceTree = BUILT_PRODUCTS_DIR; };
		B442B2DA2972872D0084CE23 /* GitHubDemoTests.swift */ = {isa = PBXFileReference; lastKnownFileType = sourcecode.swift; path = GitHubDemoTests.swift; sourceTree = "<group>"; };
		B442B2E02972872D0084CE23 /* GitHubDemoUITests.xctest */ = {isa = PBXFileReference; explicitFileType = wrapper.cfbundle; includeInIndex = 0; path = GitHubDemoUITests.xctest; sourceTree = BUILT_PRODUCTS_DIR; };
		B442B2E42972872D0084CE23 /* GitHubDemoUITests.swift */ = {isa = PBXFileReference; lastKnownFileType = sourcecode.swift; path = GitHubDemoUITests.swift; sourceTree = "<group>"; };
		B442B2E62972872D0084CE23 /* GitHubDemoUITestsLaunchTests.swift */ = {isa = PBXFileReference; lastKnownFileType = sourcecode.swift; path = GitHubDemoUITestsLaunchTests.swift; sourceTree = "<group>"; };
/* End PBXFileReference section */

/* Begin PBXFrameworksBuildPhase section */
		B442B2C32972872C0084CE23 /* Frameworks */ = {
			isa = PBXFrameworksBuildPhase;
			buildActionMask = 2147483647;
			files = (
			);
			runOnlyForDeploymentPostprocessing = 0;
		};
		B442B2D32972872D0084CE23 /* Frameworks */ = {
			isa = PBXFrameworksBuildPhase;
			buildActionMask = 2147483647;
			files = (
			);
			runOnlyForDeploymentPostprocessing = 0;
		};
		B442B2DD2972872D0084CE23 /* Frameworks */ = {
			isa = PBXFrameworksBuildPhase;
			buildActionMask = 2147483647;
			files = (
			);
			runOnlyForDeploymentPostprocessing = 0;
		};
/* End PBXFrameworksBuildPhase section */

/* Begin PBXGroup section */
		B442B2BD2972872C0084CE23 = {
			isa = PBXGroup;
			children = (
				B442B2C82972872C0084CE23 /* GitHubDemo */,
				B442B2D92972872D0084CE23 /* GitHubDemoTests */,
				B442B2E32972872D0084CE23 /* GitHubDemoUITests */,
				B442B2C72972872C0084CE23 /* Products */,
			);
			sourceTree = "<group>";
		};
		B442B2C72972872C0084CE23 /* Products */ = {
			isa = PBXGroup;
			children = (
				B442B2C62972872C0084CE23 /* GitHubDemo.app */,
				B442B2D62972872D0084CE23 /* GitHubDemoTests.xctest */,
				B442B2E02972872D0084CE23 /* GitHubDemoUITests.xctest */,
			);
			name = Products;
			sourceTree = "<group>";
		};
		B442B2C82972872C0084CE23 /* GitHubDemo */ = {
			isa = PBXGroup;
			children = (
				B442B2C92972872C0084CE23 /* GitHubDemoApp.swift */,
				B442B2CB2972872C0084CE23 /* ContentView.swift */,
				B442B2CD2972872D0084CE23 /* Assets.xcassets */,
				B442B2CF2972872D0084CE23 /* Preview Content */,
			);
			path = GitHubDemo;
			sourceTree = "<group>";
		};
		B442B2CF2972872D0084CE23 /* Preview Content */ = {
			isa = PBXGroup;
			children = (
				B442B2D02972872D0084CE23 /* Preview Assets.xcassets */,
			);
			path = "Preview Content";
			sourceTree = "<group>";
		};
		B442B2D92972872D0084CE23 /* GitHubDemoTests */ = {
			isa = PBXGroup;
			children = (
				B442B2DA2972872D0084CE23 /* GitHubDemoTests.swift */,
			);
			path = GitHubDemoTests;
			sourceTree = "<group>";
		};
		B442B2E32972872D0084CE23 /* GitHubDemoUITests */ = {
			isa = PBXGroup;
			children = (
				B442B2E42972872D0084CE23 /* GitHubDemoUITests.swift */,
				B442B2E62972872D0084CE23 /* GitHubDemoUITestsLaunchTests.swift */,
			);
			path = GitHubDemoUITests;
			sourceTree = "<group>";
		};
/* End PBXGroup section */

/* Begin PBXNativeTarget section */
		B442B2C52972872C0084CE23 /* GitHubDemo */ = {
			isa = PBXNativeTarget;
			buildConfigurationList = B442B2EA2972872D0084CE23 /* Build configuration list for PBXNativeTarget "GitHubDemo" */;
			buildPhases = (
				B442B2C22972872C0084CE23 /* Sources */,
				B442B2C32972872C0084CE23 /* Frameworks */,
				B442B2C42972872C0084CE23 /* Resources */,
			);
			buildRules = (
			);
			dependencies = (
			);
			name = GitHubDemo;
			productName = GitHubDemo;
			productReference = B442B2C62972872C0084CE23 /* GitHubDemo.app */;
			productType = "com.apple.product-type.application";
		};
		B442B2D52972872D0084CE23 /* GitHubDemoTests */ = {
			isa = PBXNativeTarget;
			buildConfigurationList = B442B2ED2972872D0084CE23 /* Build configuration list for PBXNativeTarget "GitHubDemoTests" */;
			buildPhases = (
				B442B2D22972872D0084CE23 /* Sources */,
				B442B2D32972872D0084CE23 /* Frameworks */,
				B442B2D42972872D0084CE23 /* Resources */,
			);
			buildRules = (
			);
			dependencies = (
				B442B2D82972872D0084CE23 /* PBXTargetDependency */,
			);
			name = GitHubDemoTests;
			productName = GitHubDemoTests;
			productReference = B442B2D62972872D0084CE23 /* GitHubDemoTests.xctest */;
			productType = "com.apple.product-type.bundle.unit-test";
		};
		B442B2DF2972872D0084CE23 /* GitHubDemoUITests */ = {
			isa = PBXNativeTarget;
			buildConfigurationList = B442B2F02972872D0084CE23 /* Build configuration list for PBXNativeTarget "GitHubDemoUITests" */;
			buildPhases = (
				B442B2DC2972872D0084CE23 /* Sources */,
				B442B2DD2972872D0084CE23 /* Frameworks */,
				B442B2DE2972872D0084CE23 /* Resources */,
			);
			buildRules = (
			);
			dependencies = (
				B442B2E22972872D0084CE23 /* PBXTargetDependency */,
			);
			name = GitHubDemoUITests;
			productName = GitHubDemoUITests;
			productReference = B442B2E02972872D0084CE23 /* GitHubDemoUITests.xctest */;
			productType = "com.apple.product-type.bundle.ui-testing";
		};
/* End PBXNativeTarget section */

/* Begin PBXProject section */
		B442B2BE2972872C0084CE23 /* Project object */ = {
			isa = PBXProject;
			attributes = {
				BuildIndependentTargetsInParallel = 1;
				LastSwiftUpdateCheck = 1420;
				LastUpgradeCheck = 1420;
				TargetAttributes = {
					B442B2C52972872C0084CE23 = {
						CreatedOnToolsVersion = 14.2;
					};
					B442B2D52972872D0084CE23 = {
						CreatedOnToolsVersion = 14.2;
						TestTargetID = B442B2C52972872C0084CE23;
					};
					B442B2DF2972872D0084CE23 = {
						CreatedOnToolsVersion = 14.2;
						TestTargetID = B442B2C52972872C0084CE23;
					};
				};
			};
			buildConfigurationList = B442B2C12972872C0084CE23 /* Build configuration list for PBXProject "GitHubDemo" */;
			compatibilityVersion = "Xcode 14.0";
			developmentRegion = en;
			hasScannedForEncodings = 0;
			knownRegions = (
				en,
				Base,
			);
			mainGroup = B442B2BD2972872C0084CE23;
			productRefGroup = B442B2C72972872C0084CE23 /* Products */;
			projectDirPath = "";
			projectRoot = "";
			targets = (
				B442B2C52972872C0084CE23 /* GitHubDemo */,
				B442B2D52972872D0084CE23 /* GitHubDemoTests */,
				B442B2DF2972872D0084CE23 /* GitHubDemoUITests */,
			);
		};
/* End PBXProject section */

/* Begin PBXResourcesBuildPhase section */
		B442B2C42972872C0084CE23 /* Resources */ = {
			isa = PBXResourcesBuildPhase;
			buildActionMask = 2147483647;
			files = (
				B442B2D12972872D0084CE23 /* Preview Assets.xcassets in Resources */,
				B442B2CE2972872D0084CE23 /* Assets.xcassets in Resources */,
			);
			runOnlyForDeploymentPostprocessing = 0;
		};
		B442B2D42972872D0084CE23 /* Resources */ = {
			isa = PBXResourcesBuildPhase;
			buildActionMask = 2147483647;
			files = (
			);
			runOnlyForDeploymentPostprocessing = 0;
		};
		B442B2DE2972872D0084CE23 /* Resources */ = {
			isa = PBXResourcesBuildPhase;
			buildActionMask = 2147483647;
			files = (
			);
			runOnlyForDeploymentPostprocessing = 0;
		};
/* End PBXResourcesBuildPhase section */

/* Begin PBXSourcesBuildPhase section */
		B442B2C22972872C0084CE23 /* Sources */ = {
			isa = PBXSourcesBuildPhase;
			buildActionMask = 2147483647;
			files = (
				B442B2CC2972872C0084CE23 /* ContentView.swift in Sources */,
				B442B2CA2972872C0084CE23 /* GitHubDemoApp.swift in Sources */,
			);
			runOnlyForDeploymentPostprocessing = 0;
		};
		B442B2D22972872D0084CE23 /* Sources */ = {
			isa = PBXSourcesBuildPhase;
			buildActionMask = 2147483647;
			files = (
				B442B2DB2972872D0084CE23 /* GitHubDemoTests.swift in Sources */,
			);
			runOnlyForDeploymentPostprocessing = 0;
		};
		B442B2DC2972872D0084CE23 /* Sources */ = {
			isa = PBXSourcesBuildPhase;
			buildActionMask = 2147483647;
			files = (
				B442B2E72972872D0084CE23 /* GitHubDemoUITestsLaunchTests.swift in Sources */,
				B442B2E52972872D0084CE23 /* GitHubDemoUITests.swift in Sources */,
			);
			runOnlyForDeploymentPostprocessing = 0;
		};
/* End PBXSourcesBuildPhase section */

/* Begin PBXTargetDependency section */
		B442B2D82972872D0084CE23 /* PBXTargetDependency */ = {
			isa = PBXTargetDependency;
			target = B442B2C52972872C0084CE23 /* GitHubDemo */;
			targetProxy = B442B2D72972872D0084CE23 /* PBXContainerItemProxy */;
		};
		B442B2E22972872D0084CE23 /* PBXTargetDependency */ = {
			isa = PBXTargetDependency;
			target = B442B2C52972872C0084CE23 /* GitHubDemo */;
			targetProxy = B442B2E12972872D0084CE23 /* PBXContainerItemProxy */;
		};
/* End PBXTargetDependency section */

/* Begin XCBuildConfiguration section */
		B442B2E82972872D0084CE23 /* Debug */ = {
			isa = XCBuildConfiguration;
			buildSettings = {
				ALWAYS_SEARCH_USER_PATHS = NO;
				CLANG_ANALYZER_NONNULL = YES;
				CLANG_ANALYZER_NUMBER_OBJECT_CONVERSION = YES_AGGRESSIVE;
				CLANG_CXX_LANGUAGE_STANDARD = "gnu++20";
				CLANG_ENABLE_MODULES = YES;
				CLANG_ENABLE_OBJC_ARC = YES;
				CLANG_ENABLE_OBJC_WEAK = YES;
				CLANG_WARN_BLOCK_CAPTURE_AUTORELEASING = YES;
				CLANG_WARN_BOOL_CONVERSION = YES;
				CLANG_WARN_COMMA = YES;
				CLANG_WARN_CONSTANT_CONVERSION = YES;
				CLANG_WARN_DEPRECATED_OBJC_IMPLEMENTATIONS = YES;
				CLANG_WARN_DIRECT_OBJC_ISA_USAGE = YES_ERROR;
				CLANG_WARN_DOCUMENTATION_COMMENTS = YES;
				CLANG_WARN_EMPTY_BODY = YES;
				CLANG_WARN_ENUM_CONVERSION = YES;
				CLANG_WARN_INFINITE_RECURSION = YES;
				CLANG_WARN_INT_CONVERSION = YES;
				CLANG_WARN_NON_LITERAL_NULL_CONVERSION = YES;
				CLANG_WARN_OBJC_IMPLICIT_RETAIN_SELF = YES;
				CLANG_WARN_OBJC_LITERAL_CONVERSION = YES;
				CLANG_WARN_OBJC_ROOT_CLASS = YES_ERROR;
				CLANG_WARN_QUOTED_INCLUDE_IN_FRAMEWORK_HEADER = YES;
				CLANG_WARN_RANGE_LOOP_ANALYSIS = YES;
				CLANG_WARN_STRICT_PROTOTYPES = YES;
				CLANG_WARN_SUSPICIOUS_MOVE = YES;
				CLANG_WARN_UNGUARDED_AVAILABILITY = YES_AGGRESSIVE;
				CLANG_WARN_UNREACHABLE_CODE = YES;
				CLANG_WARN__DUPLICATE_METHOD_MATCH = YES;
				COPY_PHASE_STRIP = NO;
				DEBUG_INFORMATION_FORMAT = dwarf;
				ENABLE_STRICT_OBJC_MSGSEND = YES;
				ENABLE_TESTABILITY = YES;
				GCC_C_LANGUAGE_STANDARD = gnu11;
				GCC_DYNAMIC_NO_PIC = NO;
				GCC_NO_COMMON_BLOCKS = YES;
				GCC_OPTIMIZATION_LEVEL = 0;
				GCC_PREPROCESSOR_DEFINITIONS = (
					"DEBUG=1",
					"$(inherited)",
				);
				GCC_WARN_64_TO_32_BIT_CONVERSION = YES;
				GCC_WARN_ABOUT_RETURN_TYPE = YES_ERROR;
				GCC_WARN_UNDECLARED_SELECTOR = YES;
				GCC_WARN_UNINITIALIZED_AUTOS = YES_AGGRESSIVE;
				GCC_WARN_UNUSED_FUNCTION = YES;
				GCC_WARN_UNUSED_VARIABLE = YES;
				IPHONEOS_DEPLOYMENT_TARGET = 16.2;
				MTL_ENABLE_DEBUG_INFO = INCLUDE_SOURCE;
				MTL_FAST_MATH = YES;
				ONLY_ACTIVE_ARCH = YES;
				SDKROOT = iphoneos;
				SWIFT_ACTIVE_COMPILATION_CONDITIONS = DEBUG;
				SWIFT_OPTIMIZATION_LEVEL = "-Onone";
			};
			name = Debug;
		};
		B442B2E92972872D0084CE23 /* Release */ = {
			isa = XCBuildConfiguration;
			buildSettings = {
				ALWAYS_SEARCH_USER_PATHS = NO;
				CLANG_ANALYZER_NONNULL = YES;
				CLANG_ANALYZER_NUMBER_OBJECT_CONVERSION = YES_AGGRESSIVE;
				CLANG_CXX_LANGUAGE_STANDARD = "gnu++20";
				CLANG_ENABLE_MODULES = YES;
				CLANG_ENABLE_OBJC_ARC = YES;
				CLANG_ENABLE_OBJC_WEAK = YES;
				CLANG_WARN_BLOCK_CAPTURE_AUTORELEASING = YES;
				CLANG_WARN_BOOL_CONVERSION = YES;
				CLANG_WARN_COMMA = YES;
				CLANG_WARN_CONSTANT_CONVERSION = YES;
				CLANG_WARN_DEPRECATED_OBJC_IMPLEMENTATIONS = YES;
				CLANG_WARN_DIRECT_OBJC_ISA_USAGE = YES_ERROR;
				CLANG_WARN_DOCUMENTATION_COMMENTS = YES;
				CLANG_WARN_EMPTY_BODY = YES;
				CLANG_WARN_ENUM_CONVERSION = YES;
				CLANG_WARN_INFINITE_RECURSION = YES;
				CLANG_WARN_INT_CONVERSION = YES;
				CLANG_WARN_NON_LITERAL_NULL_CONVERSION = YES;
				CLANG_WARN_OBJC_IMPLICIT_RETAIN_SELF = YES;
				CLANG_WARN_OBJC_LITERAL_CONVERSION = YES;
				CLANG_WARN_OBJC_ROOT_CLASS = YES_ERROR;
				CLANG_WARN_QUOTED_INCLUDE_IN_FRAMEWORK_HEADER = YES;
				CLANG_WARN_RANGE_LOOP_ANALYSIS = YES;
				CLANG_WARN_STRICT_PROTOTYPES = YES;
				CLANG_WARN_SUSPICIOUS_MOVE = YES;
				CLANG_WARN_UNGUARDED_AVAILABILITY = YES_AGGRESSIVE;
				CLANG_WARN_UNREACHABLE_CODE = YES;
				CLANG_WARN__DUPLICATE_METHOD_MATCH = YES;
				COPY_PHASE_STRIP = NO;
				DEBUG_INFORMATION_FORMAT = "dwarf-with-dsym";
				ENABLE_NS_ASSERTIONS = NO;
				ENABLE_STRICT_OBJC_MSGSEND = YES;
				GCC_C_LANGUAGE_STANDARD = gnu11;
				GCC_NO_COMMON_BLOCKS = YES;
				GCC_WARN_64_TO_32_BIT_CONVERSION = YES;
				GCC_WARN_ABOUT_RETURN_TYPE = YES_ERROR;
				GCC_WARN_UNDECLARED_SELECTOR = YES;
				GCC_WARN_UNINITIALIZED_AUTOS = YES_AGGRESSIVE;
				GCC_WARN_UNUSED_FUNCTION = YES;
				GCC_WARN_UNUSED_VARIABLE = YES;
				IPHONEOS_DEPLOYMENT_TARGET = 16.2;
				MTL_ENABLE_DEBUG_INFO = NO;
				MTL_FAST_MATH = YES;
				SDKROOT = iphoneos;
				SWIFT_COMPILATION_MODE = wholemodule;
				SWIFT_OPTIMIZATION_LEVEL = "-O";
				VALIDATE_PRODUCT = YES;
			};
			name = Release;
		};
		B442B2EB2972872D0084CE23 /* Debug */ = {
			isa = XCBuildConfiguration;
			buildSettings = {
				ASSETCATALOG_COMPILER_APPICON_NAME = AppIcon;
				ASSETCATALOG_COMPILER_GLOBAL_ACCENT_COLOR_NAME = AccentColor;
				CODE_SIGN_STYLE = Automatic;
				CURRENT_PROJECT_VERSION = 1;
				DEVELOPMENT_ASSET_PATHS = "\"GitHubDemo/Preview Content\"";
				DEVELOPMENT_TEAM = D2R2MN4TCC;
				ENABLE_PREVIEWS = YES;
				GENERATE_INFOPLIST_FILE = YES;
				INFOPLIST_KEY_UIApplicationSceneManifest_Generation = YES;
				INFOPLIST_KEY_UIApplicationSupportsIndirectInputEvents = YES;
				INFOPLIST_KEY_UILaunchScreen_Generation = YES;
				INFOPLIST_KEY_UISupportedInterfaceOrientations_iPad = "UIInterfaceOrientationPortrait UIInterfaceOrientationPortraitUpsideDown UIInterfaceOrientationLandscapeLeft UIInterfaceOrientationLandscapeRight";
				INFOPLIST_KEY_UISupportedInterfaceOrientations_iPhone = "UIInterfaceOrientationPortrait UIInterfaceOrientationLandscapeLeft UIInterfaceOrientationLandscapeRight";
				LD_RUNPATH_SEARCH_PATHS = (
					"$(inherited)",
					"@executable_path/Frameworks",
				);
				MARKETING_VERSION = 1.0;
				PRODUCT_BUNDLE_IDENTIFIER = com.sajedshaikh.GitHubDemo;
				PRODUCT_NAME = "$(TARGET_NAME)";
				SWIFT_EMIT_LOC_STRINGS = YES;
				SWIFT_VERSION = 5.0;
				TARGETED_DEVICE_FAMILY = "1,2";
			};
			name = Debug;
		};
		B442B2EC2972872D0084CE23 /* Release */ = {
			isa = XCBuildConfiguration;
			buildSettings = {
				ASSETCATALOG_COMPILER_APPICON_NAME = AppIcon;
				ASSETCATALOG_COMPILER_GLOBAL_ACCENT_COLOR_NAME = AccentColor;
				CODE_SIGN_STYLE = Automatic;
				CURRENT_PROJECT_VERSION = 1;
				DEVELOPMENT_ASSET_PATHS = "\"GitHubDemo/Preview Content\"";
				DEVELOPMENT_TEAM = D2R2MN4TCC;
				ENABLE_PREVIEWS = YES;
				GENERATE_INFOPLIST_FILE = YES;
				INFOPLIST_KEY_UIApplicationSceneManifest_Generation = YES;
				INFOPLIST_KEY_UIApplicationSupportsIndirectInputEvents = YES;
				INFOPLIST_KEY_UILaunchScreen_Generation = YES;
				INFOPLIST_KEY_UISupportedInterfaceOrientations_iPad = "UIInterfaceOrientationPortrait UIInterfaceOrientationPortraitUpsideDown UIInterfaceOrientationLandscapeLeft UIInterfaceOrientationLandscapeRight";
				INFOPLIST_KEY_UISupportedInterfaceOrientations_iPhone = "UIInterfaceOrientationPortrait UIInterfaceOrientationLandscapeLeft UIInterfaceOrientationLandscapeRight";
				LD_RUNPATH_SEARCH_PATHS = (
					"$(inherited)",
					"@executable_path/Frameworks",
				);
				MARKETING_VERSION = 1.0;
				PRODUCT_BUNDLE_IDENTIFIER = com.sajedshaikh.GitHubDemo;
				PRODUCT_NAME = "$(TARGET_NAME)";
				SWIFT_EMIT_LOC_STRINGS = YES;
				SWIFT_VERSION = 5.0;
				TARGETED_DEVICE_FAMILY = "1,2";
			};
			name = Release;
		};
		B442B2EE2972872D0084CE23 /* Debug */ = {
			isa = XCBuildConfiguration;
			buildSettings = {
				ALWAYS_EMBED_SWIFT_STANDARD_LIBRARIES = YES;
				BUNDLE_LOADER = "$(TEST_HOST)";
				CODE_SIGN_STYLE = Automatic;
				CURRENT_PROJECT_VERSION = 1;
				DEVELOPMENT_TEAM = D2R2MN4TCC;
				GENERATE_INFOPLIST_FILE = YES;
				IPHONEOS_DEPLOYMENT_TARGET = 16.2;
				MARKETING_VERSION = 1.0;
				PRODUCT_BUNDLE_IDENTIFIER = com.sajedshaikh.GitHubDemoTests;
				PRODUCT_NAME = "$(TARGET_NAME)";
				SWIFT_EMIT_LOC_STRINGS = NO;
				SWIFT_VERSION = 5.0;
				TARGETED_DEVICE_FAMILY = "1,2";
				TEST_HOST = "$(BUILT_PRODUCTS_DIR)/GitHubDemo.app/$(BUNDLE_EXECUTABLE_FOLDER_PATH)/GitHubDemo";
			};
			name = Debug;
		};
		B442B2EF2972872D0084CE23 /* Release */ = {
			isa = XCBuildConfiguration;
			buildSettings = {
				ALWAYS_EMBED_SWIFT_STANDARD_LIBRARIES = YES;
				BUNDLE_LOADER = "$(TEST_HOST)";
				CODE_SIGN_STYLE = Automatic;
				CURRENT_PROJECT_VERSION = 1;
				DEVELOPMENT_TEAM = D2R2MN4TCC;
				GENERATE_INFOPLIST_FILE = YES;
				IPHONEOS_DEPLOYMENT_TARGET = 16.2;
				MARKETING_VERSION = 1.0;
				PRODUCT_BUNDLE_IDENTIFIER = com.sajedshaikh.GitHubDemoTests;
				PRODUCT_NAME = "$(TARGET_NAME)";
				SWIFT_EMIT_LOC_STRINGS = NO;
				SWIFT_VERSION = 5.0;
				TARGETED_DEVICE_FAMILY = "1,2";
				TEST_HOST = "$(BUILT_PRODUCTS_DIR)/GitHubDemo.app/$(BUNDLE_EXECUTABLE_FOLDER_PATH)/GitHubDemo";
			};
			name = Release;
		};
		B442B2F12972872D0084CE23 /* Debug */ = {
			isa = XCBuildConfiguration;
			buildSettings = {
				ALWAYS_EMBED_SWIFT_STANDARD_LIBRARIES = YES;
				CODE_SIGN_STYLE = Automatic;
				CURRENT_PROJECT_VERSION = 1;
				DEVELOPMENT_TEAM = D2R2MN4TCC;
				GENERATE_INFOPLIST_FILE = YES;
				MARKETING_VERSION = 1.0;
				PRODUCT_BUNDLE_IDENTIFIER = com.sajedshaikh.GitHubDemoUITests;
				PRODUCT_NAME = "$(TARGET_NAME)";
				SWIFT_EMIT_LOC_STRINGS = NO;
				SWIFT_VERSION = 5.0;
				TARGETED_DEVICE_FAMILY = "1,2";
				TEST_TARGET_NAME = GitHubDemo;
			};
			name = Debug;
		};
		B442B2F22972872D0084CE23 /* Release */ = {
			isa = XCBuildConfiguration;
			buildSettings = {
				ALWAYS_EMBED_SWIFT_STANDARD_LIBRARIES = YES;
				CODE_SIGN_STYLE = Automatic;
				CURRENT_PROJECT_VERSION = 1;
				DEVELOPMENT_TEAM = D2R2MN4TCC;
				GENERATE_INFOPLIST_FILE = YES;
				MARKETING_VERSION = 1.0;
				PRODUCT_BUNDLE_IDENTIFIER = com.sajedshaikh.GitHubDemoUITests;
				PRODUCT_NAME = "$(TARGET_NAME)";
				SWIFT_EMIT_LOC_STRINGS = NO;
				SWIFT_VERSION = 5.0;
				TARGETED_DEVICE_FAMILY = "1,2";
				TEST_TARGET_NAME = GitHubDemo;
			};
			name = Release;
		};
/* End XCBuildConfiguration section */

/* Begin XCConfigurationList section */
		B442B2C12972872C0084CE23 /* Build configuration list for PBXProject "GitHubDemo" */ = {
			isa = XCConfigurationList;
			buildConfigurations = (
				B442B2E82972872D0084CE23 /* Debug */,
				B442B2E92972872D0084CE23 /* Release */,
			);
			defaultConfigurationIsVisible = 0;
			defaultConfigurationName = Release;
		};
		B442B2EA2972872D0084CE23 /* Build configuration list for PBXNativeTarget "GitHubDemo" */ = {
			isa = XCConfigurationList;
			buildConfigurations = (
				B442B2EB2972872D0084CE23 /* Debug */,
				B442B2EC2972872D0084CE23 /* Release */,
			);
			defaultConfigurationIsVisible = 0;
			defaultConfigurationName = Release;
		};
		B442B2ED2972872D0084CE23 /* Build configuration list for PBXNativeTarget "GitHubDemoTests" */ = {
			isa = XCConfigurationList;
			buildConfigurations = (
				B442B2EE2972872D0084CE23 /* Debug */,
				B442B2EF2972872D0084CE23 /* Release */,
			);
			defaultConfigurationIsVisible = 0;
			defaultConfigurationName = Release;
		};
		B442B2F02972872D0084CE23 /* Build configuration list for PBXNativeTarget "GitHubDemoUITests" */ = {
			isa = XCConfigurationList;
			buildConfigurations = (
				B442B2F12972872D0084CE23 /* Debug */,
				B442B2F22972872D0084CE23 /* Release */,
			);
			defaultConfigurationIsVisible = 0;
			defaultConfigurationName = Release;
		};
/* End XCConfigurationList section */
	};
	rootObject = B442B2BE2972872C0084CE23 /* Project object */;
}
